<?xml version="1.0" encoding="utf-8"?>
<Project ToolsVersion="4.0" xmlns="http://schemas.microsoft.com/developer/msbuild/2003">
  <ItemGroup>
    <Filter Include="Source Files">
      <UniqueIdentifier>{4FC737F1-C7A5-4376-A066-2A32D752A2FF}</UniqueIdentifier>
      <Extensions>cpp;c;cc;cxx;def;odl;idl;hpj;bat;asm;asmx</Extensions>
    </Filter>
    <Filter Include="Header Files">
      <UniqueIdentifier>{93995380-89BD-4b04-88EB-625FBE52EBFB}</UniqueIdentifier>
      <Extensions>h;hh;hpp;hxx;hm;inl;inc;ipp;xsd</Extensions>
    </Filter>
    <Filter Include="Resource Files">
      <UniqueIdentifier>{67DA6AB6-F800-4c08-8B7A-83BB121AAD01}</UniqueIdentifier>
      <Extensions>rc;ico;cur;bmp;dlg;rc2;rct;bin;rgs;gif;jpg;jpeg;jpe;resx;tiff;tif;png;wav;mfcribbon-ms</Extensions>
    </Filter>
    <Filter Include="Source Files\Grid Control Source">
      <UniqueIdentifier>{86a8c2bb-82a1-425b-b300-4097cfa55315}</UniqueIdentifier>
    </Filter>
    <Filter Include="Source Files\New Cell Source">
      <UniqueIdentifier>{2968f2cf-4edf-411d-be6c-75553c57f5b1}</UniqueIdentifier>
    </Filter>
    <Filter Include="Header Files\New Cell Headers">
      <UniqueIdentifier>{301544b2-151b-449c-abe5-344e9eb03033}</UniqueIdentifier>
    </Filter>
    <Filter Include="Header Files\Grid Control Headers">
      <UniqueIdentifier>{31f0e2a0-d152-44ab-b266-03343209ca27}</UniqueIdentifier>
    </Filter>
  </ItemGroup>
  <ItemGroup>
    <ClInclude Include="MFC_Custom.h">
      <Filter>Header Files</Filter>
    </ClInclude>
    <ClInclude Include="MFC_CustomDlg.h">
      <Filter>Header Files</Filter>
    </ClInclude>
    <ClInclude Include="framework.h">
      <Filter>Header Files</Filter>
    </ClInclude>
    <ClInclude Include="targetver.h">
      <Filter>Header Files</Filter>
    </ClInclude>
    <ClInclude Include="Resource.h">
      <Filter>Header Files</Filter>
    </ClInclude>
    <ClInclude Include="pch.h">
      <Filter>Header Files</Filter>
    </ClInclude>
    <ClInclude Include="GridCtrl_src\CellRange.h">
      <Filter>Header Files\Grid Control Headers</Filter>
    </ClInclude>
    <ClInclude Include="GridCtrl_src\GridCell.h">
      <Filter>Header Files\Grid Control Headers</Filter>
    </ClInclude>
    <ClInclude Include="GridCtrl_src\GridCellBase.h">
      <Filter>Header Files\Grid Control Headers</Filter>
    </ClInclude>
    <ClInclude Include="GridCtrl_src\GridCtrl.h">
      <Filter>Header Files\Grid Control Headers</Filter>
    </ClInclude>
    <ClInclude Include="GridCtrl_src\GridDropTarget.h">
      <Filter>Header Files\Grid Control Headers</Filter>
    </ClInclude>
    <ClInclude Include="GridCtrl_src\InPlaceEdit.h">
      <Filter>Header Files\Grid Control Headers</Filter>
    </ClInclude>
    <ClInclude Include="GridCtrl_src\MemDC.h">
      <Filter>Header Files\Grid Control Headers</Filter>
    </ClInclude>
    <ClInclude Include="GridCtrl_src\TitleTip.h">
      <Filter>Header Files\Grid Control Headers</Filter>
    </ClInclude>
    <ClInclude Include="NewCellTypes\GridCellCombo.h">
      <Filter>Header Files\New Cell Headers</Filter>
    </ClInclude>
    <ClInclude Include="NewCellTypes\GridURLCell.h">
      <Filter>Header Files\New Cell Headers</Filter>
    </ClInclude>
  </ItemGroup>
  <ItemGroup>
    <ClCompile Include="MFC_Custom.cpp">
      <Filter>Source Files</Filter>
    </ClCompile>
    <ClCompile Include="MFC_CustomDlg.cpp">
      <Filter>Source Files</Filter>
    </ClCompile>
    <ClCompile Include="pch.cpp">
      <Filter>Source Files</Filter>
    </ClCompile>
    <ClCompile Include="GridCtrl_src\GridCell.cpp">
      <Filter>Source Files\Grid Control Source</Filter>
    </ClCompile>
    <ClCompile Include="GridCtrl_src\GridCellBase.cpp">
      <Filter>Source Files\Grid Control Source</Filter>
    </ClCompile>
    <ClCompile Include="GridCtrl_src\GridCtrl.cpp">
      <Filter>Source Files\Grid Control Source</Filter>
    </ClCompile>
    <ClCompile Include="GridCtrl_src\GridDropTarget.cpp">
      <Filter>Source Files\Grid Control Source</Filter>
    </ClCompile>
    <ClCompile Include="GridCtrl_src\InPlaceEdit.cpp">
      <Filter>Source Files\Grid Control Source</Filter>
    </ClCompile>
    <ClCompile Include="GridCtrl_src\TitleTip.cpp">
      <Filter>Source Files\Grid Control Source</Filter>
    </ClCompile>
    <ClCompile Include="NewCellTypes\GridCellCombo.cpp">
      <Filter>Source Files\New Cell Source</Filter>
    </ClCompile>
    <ClCompile Include="NewCellTypes\GridURLCell.cpp">
      <Filter>Source Files\New Cell Source</Filter>
    </ClCompile>
  </ItemGroup>
  <ItemGroup>
    <ResourceCompile Include="MFCCustom.rc">
      <Filter>Resource Files</Filter>
    </ResourceCompile>
  </ItemGroup>
  <ItemGroup>
    <None Include="res\MFCCustom.rc2">
      <Filter>Resource Files</Filter>
    </None>
  </ItemGroup>
  <ItemGroup>
    <Image Include="res\MFC_Custom.ico">
      <Filter>Resource Files</Filter>
    </Image>
  </ItemGroup>
</Project>